
Microsoft Visual Studio Solution File, Format Version 12.00
Project("{FAE04EC0-301F-11D3-BF4B-00C04F79EFBC}") = "ExceptionStackTraceIntegrity", "ExceptionStackTraceIntegrity\ExceptionStackTraceIntegrity.csproj", "{51DABBAF-C826-4B07-9A9A-C1223C1C4784}"
EndProject
Global
	GlobalSection(SolutionConfigurationPlatforms) = preSolution
		Debug|Any CPU = Debug|Any CPU
		Release|Any CPU = Release|Any CPU
	EndGlobalSection
	GlobalSection(ProjectConfigurationPlatforms) = postSolution
		{51DABBAF-C826-4B07-9A9A-C1223C1C4784}.Debug|Any CPU.ActiveCfg = Debug|Any CPU
		{51DABBAF-C826-4B07-9A9A-C1223C1C4784}.Debug|Any CPU.Build.0 = Debug|Any CPU
		{51DABBAF-C826-4B07-9A9A-C1223C1C4784}.Release|Any CPU.ActiveCfg = Release|Any CPU
		{51DABBAF-C826-4B07-9A9A-C1223C1C4784}.Release|Any CPU.Build.0 = Release|Any CPU
	EndGlobalSection
EndGlobal
