
Microsoft Visual Studio Solution File, Format Version 12.00
# Visual Studio Version 17
VisualStudioVersion = 17.0.31903.59
MinimumVisualStudioVersion = 10.0.40219.1
Project("{2150E333-8FDC-42A3-9474-1A3956D46DE8}") = "creational", "creational", "{28C8DDA1-B1EE-40CC-9BDC-60C39DFCEC34}"
	ProjectSection(SolutionItems) = preProject
		creational\README.md = creational\README.md
	EndProjectSection
EndProject
Project("{FAE04EC0-301F-11D3-BF4B-00C04F79EFBC}") = "02-builder", "creational\02-builder\02-builder.csproj", "{E17C0FCF-7D4E-4735-8D29-646E7E073A70}"
EndProject
Project("{FAE04EC0-301F-11D3-BF4B-00C04F79EFBC}") = "03-factory-method", "creational\03-factory-method\03-factory-method.csproj", "{BA0B8DF9-A99D-4957-A11E-5E660B503C25}"
EndProject
Project("{FAE04EC0-301F-11D3-BF4B-00C04F79EFBC}") = "04-prototype", "creational\04-prototype\04-prototype.csproj", "{28300039-8DD4-4698-A664-65916671DD87}"
EndProject
Project("{FAE04EC0-301F-11D3-BF4B-00C04F79EFBC}") = "05-singleton", "creational\05-singleton\05-singleton.csproj", "{D5DDE91D-6634-4ADD-87AF-D4A913E27BDB}"
EndProject
Project("{FAE04EC0-301F-11D3-BF4B-00C04F79EFBC}") = "01-abstract-factory", "creational\01-abstract-factory\01-abstract-factory.csproj", "{EEE538CF-8D9A-42C0-BEA6-820997F957EA}"
EndProject
Project("{FAE04EC0-301F-11D3-BF4B-00C04F79EFBC}") = "Common.Maze", "creational\Common.Maze\Common.Maze.csproj", "{1C160BB4-E06E-44A8-8DA4-B0168B464FBC}"
EndProject
Project("{2150E333-8FDC-42A3-9474-1A3956D46DE8}") = "structural", "structural", "{C49F2F36-4F09-4D98-8C97-B71869B0E0F7}"
	ProjectSection(SolutionItems) = preProject
		creational\README.md = creational\README.md
	EndProjectSection
EndProject
Project("{FAE04EC0-301F-11D3-BF4B-00C04F79EFBC}") = "06-adapter", "structural\06-adapter\06-adapter.csproj", "{74A0CAE3-B3FF-48F9-B218-57874A0FBB5A}"
EndProject
Project("{FAE04EC0-301F-11D3-BF4B-00C04F79EFBC}") = "07-bridge", "structural\07-bridge\07-bridge.csproj", "{011D5410-D97A-4D99-A2C0-E2D9011FAE34}"
EndProject
Project("{FAE04EC0-301F-11D3-BF4B-00C04F79EFBC}") = "08-composite", "structural\08-composite\08-composite.csproj", "{7FC72240-C70E-4E9D-89DF-CEE98E6CA9A9}"
EndProject
Project("{FAE04EC0-301F-11D3-BF4B-00C04F79EFBC}") = "09-decorator", "structural\09-decorator\09-decorator.csproj", "{C293BDDA-E94F-40A9-AC5A-8B52159AA096}"
EndProject
Project("{FAE04EC0-301F-11D3-BF4B-00C04F79EFBC}") = "10-facade", "structural\10-facade\10-facade.csproj", "{BD5D63CD-8E8A-48B7-A99E-05D0E8A54220}"
EndProject
Project("{FAE04EC0-301F-11D3-BF4B-00C04F79EFBC}") = "11-flyweight", "structural\11-flyweight\11-flyweight.csproj", "{9015E6CC-A2BF-4ECC-8F11-E477E06037B6}"
EndProject
Project("{FAE04EC0-301F-11D3-BF4B-00C04F79EFBC}") = "12-proxy", "structural\12-proxy\12-proxy.csproj", "{F26B38F0-5F58-4919-B33F-764A4696CC84}"
EndProject
Project("{2150E333-8FDC-42A3-9474-1A3956D46DE8}") = "behavioral", "behavioral", "{8A59A1E2-D99A-45E8-8512-C5A8DCD78B17}"
EndProject
Project("{FAE04EC0-301F-11D3-BF4B-00C04F79EFBC}") = "13-chain-of-responsibility", "behavioral\13-chain-of-responsibility\13-chain-of-responsibility.csproj", "{ECA29214-7DF3-4287-B9CE-55D3457E3ADF}"
EndProject
Project("{FAE04EC0-301F-11D3-BF4B-00C04F79EFBC}") = "14-command", "behavioral\14-command\14-command.csproj", "{609F6819-CDB9-4B2D-92C3-14419E5F06B3}"
EndProject
Project("{FAE04EC0-301F-11D3-BF4B-00C04F79EFBC}") = "15-interpreter", "behavioral\15-interpreter\15-interpreter.csproj", "{18D27655-B6A1-4846-BD81-86ECAEABB72B}"
EndProject
Project("{FAE04EC0-301F-11D3-BF4B-00C04F79EFBC}") = "16-iterator", "behavioral\16-iterator\16-iterator.csproj", "{D1B003F4-F7E8-4B01-825B-06139D5D3AF7}"
EndProject
Project("{FAE04EC0-301F-11D3-BF4B-00C04F79EFBC}") = "17-mediator", "behavioral\17-mediator\17-mediator.csproj", "{D497BC0C-BF4C-4919-AFF5-9D7649B89F1F}"
EndProject
Project("{FAE04EC0-301F-11D3-BF4B-00C04F79EFBC}") = "18-memento", "behavioral\18-memento\18-memento.csproj", "{AE89BBD5-2975-48CE-96C9-E32CFB432063}"
EndProject
Project("{FAE04EC0-301F-11D3-BF4B-00C04F79EFBC}") = "19-observer", "behavioral\19-observer\19-observer.csproj", "{7AFCEFA7-0943-40B8-93D0-F3CD0FCA3244}"
EndProject
Project("{FAE04EC0-301F-11D3-BF4B-00C04F79EFBC}") = "20-state", "behavioral\20-state\20-state.csproj", "{E77CBE5B-1D99-4605-AD88-D5BD267773A1}"
EndProject
Project("{FAE04EC0-301F-11D3-BF4B-00C04F79EFBC}") = "21-strategy", "behavioral\21-strategy\21-strategy.csproj", "{83B2945A-EFD0-423A-B8A5-DB25F7359DCC}"
EndProject
Project("{FAE04EC0-301F-11D3-BF4B-00C04F79EFBC}") = "22-template-method", "behavioral\22-template-method\22-template-method.csproj", "{84FBAE29-8FA0-4243-B299-778968B13E5B}"
EndProject
Project("{FAE04EC0-301F-11D3-BF4B-00C04F79EFBC}") = "23-visitor", "behavioral\23-visitor\23-visitor.csproj", "{773AB2BF-BFD8-485E-BE61-65040A29D78C}"
EndProject
Project("{2150E333-8FDC-42A3-9474-1A3956D46DE8}") = "root", "root", "{66D2BC94-4EF0-4B5F-AF03-88EBFBA1292D}"
	ProjectSection(SolutionItems) = preProject
		README.md = README.md
	EndProjectSection
EndProject
Global
	GlobalSection(SolutionConfigurationPlatforms) = preSolution
		Debug|Any CPU = Debug|Any CPU
		Release|Any CPU = Release|Any CPU
	EndGlobalSection
	GlobalSection(SolutionProperties) = preSolution
		HideSolutionNode = FALSE
	EndGlobalSection
	GlobalSection(ProjectConfigurationPlatforms) = postSolution
		{E17C0FCF-7D4E-4735-8D29-646E7E073A70}.Debug|Any CPU.ActiveCfg = Debug|Any CPU
		{E17C0FCF-7D4E-4735-8D29-646E7E073A70}.Debug|Any CPU.Build.0 = Debug|Any CPU
		{E17C0FCF-7D4E-4735-8D29-646E7E073A70}.Release|Any CPU.ActiveCfg = Release|Any CPU
		{E17C0FCF-7D4E-4735-8D29-646E7E073A70}.Release|Any CPU.Build.0 = Release|Any CPU
		{BA0B8DF9-A99D-4957-A11E-5E660B503C25}.Debug|Any CPU.ActiveCfg = Debug|Any CPU
		{BA0B8DF9-A99D-4957-A11E-5E660B503C25}.Debug|Any CPU.Build.0 = Debug|Any CPU
		{BA0B8DF9-A99D-4957-A11E-5E660B503C25}.Release|Any CPU.ActiveCfg = Release|Any CPU
		{BA0B8DF9-A99D-4957-A11E-5E660B503C25}.Release|Any CPU.Build.0 = Release|Any CPU
		{28300039-8DD4-4698-A664-65916671DD87}.Debug|Any CPU.ActiveCfg = Debug|Any CPU
		{28300039-8DD4-4698-A664-65916671DD87}.Debug|Any CPU.Build.0 = Debug|Any CPU
		{28300039-8DD4-4698-A664-65916671DD87}.Release|Any CPU.ActiveCfg = Release|Any CPU
		{28300039-8DD4-4698-A664-65916671DD87}.Release|Any CPU.Build.0 = Release|Any CPU
		{D5DDE91D-6634-4ADD-87AF-D4A913E27BDB}.Debug|Any CPU.ActiveCfg = Debug|Any CPU
		{D5DDE91D-6634-4ADD-87AF-D4A913E27BDB}.Debug|Any CPU.Build.0 = Debug|Any CPU
		{D5DDE91D-6634-4ADD-87AF-D4A913E27BDB}.Release|Any CPU.ActiveCfg = Release|Any CPU
		{D5DDE91D-6634-4ADD-87AF-D4A913E27BDB}.Release|Any CPU.Build.0 = Release|Any CPU
		{EEE538CF-8D9A-42C0-BEA6-820997F957EA}.Debug|Any CPU.ActiveCfg = Debug|Any CPU
		{EEE538CF-8D9A-42C0-BEA6-820997F957EA}.Debug|Any CPU.Build.0 = Debug|Any CPU
		{EEE538CF-8D9A-42C0-BEA6-820997F957EA}.Release|Any CPU.ActiveCfg = Release|Any CPU
		{EEE538CF-8D9A-42C0-BEA6-820997F957EA}.Release|Any CPU.Build.0 = Release|Any CPU
		{1C160BB4-E06E-44A8-8DA4-B0168B464FBC}.Debug|Any CPU.ActiveCfg = Debug|Any CPU
		{1C160BB4-E06E-44A8-8DA4-B0168B464FBC}.Debug|Any CPU.Build.0 = Debug|Any CPU
		{1C160BB4-E06E-44A8-8DA4-B0168B464FBC}.Release|Any CPU.ActiveCfg = Release|Any CPU
		{1C160BB4-E06E-44A8-8DA4-B0168B464FBC}.Release|Any CPU.Build.0 = Release|Any CPU
		{74A0CAE3-B3FF-48F9-B218-57874A0FBB5A}.Debug|Any CPU.ActiveCfg = Debug|Any CPU
		{74A0CAE3-B3FF-48F9-B218-57874A0FBB5A}.Debug|Any CPU.Build.0 = Debug|Any CPU
		{74A0CAE3-B3FF-48F9-B218-57874A0FBB5A}.Release|Any CPU.ActiveCfg = Release|Any CPU
		{74A0CAE3-B3FF-48F9-B218-57874A0FBB5A}.Release|Any CPU.Build.0 = Release|Any CPU
		{011D5410-D97A-4D99-A2C0-E2D9011FAE34}.Debug|Any CPU.ActiveCfg = Debug|Any CPU
		{011D5410-D97A-4D99-A2C0-E2D9011FAE34}.Debug|Any CPU.Build.0 = Debug|Any CPU
		{011D5410-D97A-4D99-A2C0-E2D9011FAE34}.Release|Any CPU.ActiveCfg = Release|Any CPU
		{011D5410-D97A-4D99-A2C0-E2D9011FAE34}.Release|Any CPU.Build.0 = Release|Any CPU
		{7FC72240-C70E-4E9D-89DF-CEE98E6CA9A9}.Debug|Any CPU.ActiveCfg = Debug|Any CPU
		{7FC72240-C70E-4E9D-89DF-CEE98E6CA9A9}.Debug|Any CPU.Build.0 = Debug|Any CPU
		{7FC72240-C70E-4E9D-89DF-CEE98E6CA9A9}.Release|Any CPU.ActiveCfg = Release|Any CPU
		{7FC72240-C70E-4E9D-89DF-CEE98E6CA9A9}.Release|Any CPU.Build.0 = Release|Any CPU
		{C293BDDA-E94F-40A9-AC5A-8B52159AA096}.Debug|Any CPU.ActiveCfg = Debug|Any CPU
		{C293BDDA-E94F-40A9-AC5A-8B52159AA096}.Debug|Any CPU.Build.0 = Debug|Any CPU
		{C293BDDA-E94F-40A9-AC5A-8B52159AA096}.Release|Any CPU.ActiveCfg = Release|Any CPU
		{C293BDDA-E94F-40A9-AC5A-8B52159AA096}.Release|Any CPU.Build.0 = Release|Any CPU
		{BD5D63CD-8E8A-48B7-A99E-05D0E8A54220}.Debug|Any CPU.ActiveCfg = Debug|Any CPU
		{BD5D63CD-8E8A-48B7-A99E-05D0E8A54220}.Debug|Any CPU.Build.0 = Debug|Any CPU
		{BD5D63CD-8E8A-48B7-A99E-05D0E8A54220}.Release|Any CPU.ActiveCfg = Release|Any CPU
		{BD5D63CD-8E8A-48B7-A99E-05D0E8A54220}.Release|Any CPU.Build.0 = Release|Any CPU
		{9015E6CC-A2BF-4ECC-8F11-E477E06037B6}.Debug|Any CPU.ActiveCfg = Debug|Any CPU
		{9015E6CC-A2BF-4ECC-8F11-E477E06037B6}.Debug|Any CPU.Build.0 = Debug|Any CPU
		{9015E6CC-A2BF-4ECC-8F11-E477E06037B6}.Release|Any CPU.ActiveCfg = Release|Any CPU
		{9015E6CC-A2BF-4ECC-8F11-E477E06037B6}.Release|Any CPU.Build.0 = Release|Any CPU
		{F26B38F0-5F58-4919-B33F-764A4696CC84}.Debug|Any CPU.ActiveCfg = Debug|Any CPU
		{F26B38F0-5F58-4919-B33F-764A4696CC84}.Debug|Any CPU.Build.0 = Debug|Any CPU
		{F26B38F0-5F58-4919-B33F-764A4696CC84}.Release|Any CPU.ActiveCfg = Release|Any CPU
		{F26B38F0-5F58-4919-B33F-764A4696CC84}.Release|Any CPU.Build.0 = Release|Any CPU
		{ECA29214-7DF3-4287-B9CE-55D3457E3ADF}.Debug|Any CPU.ActiveCfg = Debug|Any CPU
		{ECA29214-7DF3-4287-B9CE-55D3457E3ADF}.Debug|Any CPU.Build.0 = Debug|Any CPU
		{ECA29214-7DF3-4287-B9CE-55D3457E3ADF}.Release|Any CPU.ActiveCfg = Release|Any CPU
		{ECA29214-7DF3-4287-B9CE-55D3457E3ADF}.Release|Any CPU.Build.0 = Release|Any CPU
		{609F6819-CDB9-4B2D-92C3-14419E5F06B3}.Debug|Any CPU.ActiveCfg = Debug|Any CPU
		{609F6819-CDB9-4B2D-92C3-14419E5F06B3}.Debug|Any CPU.Build.0 = Debug|Any CPU
		{609F6819-CDB9-4B2D-92C3-14419E5F06B3}.Release|Any CPU.ActiveCfg = Release|Any CPU
		{609F6819-CDB9-4B2D-92C3-14419E5F06B3}.Release|Any CPU.Build.0 = Release|Any CPU
		{18D27655-B6A1-4846-BD81-86ECAEABB72B}.Debug|Any CPU.ActiveCfg = Debug|Any CPU
		{18D27655-B6A1-4846-BD81-86ECAEABB72B}.Debug|Any CPU.Build.0 = Debug|Any CPU
		{18D27655-B6A1-4846-BD81-86ECAEABB72B}.Release|Any CPU.ActiveCfg = Release|Any CPU
		{18D27655-B6A1-4846-BD81-86ECAEABB72B}.Release|Any CPU.Build.0 = Release|Any CPU
		{D1B003F4-F7E8-4B01-825B-06139D5D3AF7}.Debug|Any CPU.ActiveCfg = Debug|Any CPU
		{D1B003F4-F7E8-4B01-825B-06139D5D3AF7}.Debug|Any CPU.Build.0 = Debug|Any CPU
		{D1B003F4-F7E8-4B01-825B-06139D5D3AF7}.Release|Any CPU.ActiveCfg = Release|Any CPU
		{D1B003F4-F7E8-4B01-825B-06139D5D3AF7}.Release|Any CPU.Build.0 = Release|Any CPU
		{D497BC0C-BF4C-4919-AFF5-9D7649B89F1F}.Debug|Any CPU.ActiveCfg = Debug|Any CPU
		{D497BC0C-BF4C-4919-AFF5-9D7649B89F1F}.Debug|Any CPU.Build.0 = Debug|Any CPU
		{D497BC0C-BF4C-4919-AFF5-9D7649B89F1F}.Release|Any CPU.ActiveCfg = Release|Any CPU
		{D497BC0C-BF4C-4919-AFF5-9D7649B89F1F}.Release|Any CPU.Build.0 = Release|Any CPU
		{AE89BBD5-2975-48CE-96C9-E32CFB432063}.Debug|Any CPU.ActiveCfg = Debug|Any CPU
		{AE89BBD5-2975-48CE-96C9-E32CFB432063}.Debug|Any CPU.Build.0 = Debug|Any CPU
		{AE89BBD5-2975-48CE-96C9-E32CFB432063}.Release|Any CPU.ActiveCfg = Release|Any CPU
		{AE89BBD5-2975-48CE-96C9-E32CFB432063}.Release|Any CPU.Build.0 = Release|Any CPU
		{7AFCEFA7-0943-40B8-93D0-F3CD0FCA3244}.Debug|Any CPU.ActiveCfg = Debug|Any CPU
		{7AFCEFA7-0943-40B8-93D0-F3CD0FCA3244}.Debug|Any CPU.Build.0 = Debug|Any CPU
		{7AFCEFA7-0943-40B8-93D0-F3CD0FCA3244}.Release|Any CPU.ActiveCfg = Release|Any CPU
		{7AFCEFA7-0943-40B8-93D0-F3CD0FCA3244}.Release|Any CPU.Build.0 = Release|Any CPU
		{E77CBE5B-1D99-4605-AD88-D5BD267773A1}.Debug|Any CPU.ActiveCfg = Debug|Any CPU
		{E77CBE5B-1D99-4605-AD88-D5BD267773A1}.Debug|Any CPU.Build.0 = Debug|Any CPU
		{E77CBE5B-1D99-4605-AD88-D5BD267773A1}.Release|Any CPU.ActiveCfg = Release|Any CPU
		{E77CBE5B-1D99-4605-AD88-D5BD267773A1}.Release|Any CPU.Build.0 = Release|Any CPU
		{83B2945A-EFD0-423A-B8A5-DB25F7359DCC}.Debug|Any CPU.ActiveCfg = Debug|Any CPU
		{83B2945A-EFD0-423A-B8A5-DB25F7359DCC}.Debug|Any CPU.Build.0 = Debug|Any CPU
		{83B2945A-EFD0-423A-B8A5-DB25F7359DCC}.Release|Any CPU.ActiveCfg = Release|Any CPU
		{83B2945A-EFD0-423A-B8A5-DB25F7359DCC}.Release|Any CPU.Build.0 = Release|Any CPU
		{84FBAE29-8FA0-4243-B299-778968B13E5B}.Debug|Any CPU.ActiveCfg = Debug|Any CPU
		{84FBAE29-8FA0-4243-B299-778968B13E5B}.Debug|Any CPU.Build.0 = Debug|Any CPU
		{84FBAE29-8FA0-4243-B299-778968B13E5B}.Release|Any CPU.ActiveCfg = Release|Any CPU
		{84FBAE29-8FA0-4243-B299-778968B13E5B}.Release|Any CPU.Build.0 = Release|Any CPU
		{773AB2BF-BFD8-485E-BE61-65040A29D78C}.Debug|Any CPU.ActiveCfg = Debug|Any CPU
		{773AB2BF-BFD8-485E-BE61-65040A29D78C}.Debug|Any CPU.Build.0 = Debug|Any CPU
		{773AB2BF-BFD8-485E-BE61-65040A29D78C}.Release|Any CPU.ActiveCfg = Release|Any CPU
		{773AB2BF-BFD8-485E-BE61-65040A29D78C}.Release|Any CPU.Build.0 = Release|Any CPU
	EndGlobalSection
	GlobalSection(NestedProjects) = preSolution
		{E17C0FCF-7D4E-4735-8D29-646E7E073A70} = {28C8DDA1-B1EE-40CC-9BDC-60C39DFCEC34}
		{BA0B8DF9-A99D-4957-A11E-5E660B503C25} = {28C8DDA1-B1EE-40CC-9BDC-60C39DFCEC34}
		{28300039-8DD4-4698-A664-65916671DD87} = {28C8DDA1-B1EE-40CC-9BDC-60C39DFCEC34}
		{D5DDE91D-6634-4ADD-87AF-D4A913E27BDB} = {28C8DDA1-B1EE-40CC-9BDC-60C39DFCEC34}
		{EEE538CF-8D9A-42C0-BEA6-820997F957EA} = {28C8DDA1-B1EE-40CC-9BDC-60C39DFCEC34}
		{1C160BB4-E06E-44A8-8DA4-B0168B464FBC} = {28C8DDA1-B1EE-40CC-9BDC-60C39DFCEC34}
		{74A0CAE3-B3FF-48F9-B218-57874A0FBB5A} = {C49F2F36-4F09-4D98-8C97-B71869B0E0F7}
		{011D5410-D97A-4D99-A2C0-E2D9011FAE34} = {C49F2F36-4F09-4D98-8C97-B71869B0E0F7}
		{7FC72240-C70E-4E9D-89DF-CEE98E6CA9A9} = {C49F2F36-4F09-4D98-8C97-B71869B0E0F7}
		{C293BDDA-E94F-40A9-AC5A-8B52159AA096} = {C49F2F36-4F09-4D98-8C97-B71869B0E0F7}
		{BD5D63CD-8E8A-48B7-A99E-05D0E8A54220} = {C49F2F36-4F09-4D98-8C97-B71869B0E0F7}
		{9015E6CC-A2BF-4ECC-8F11-E477E06037B6} = {C49F2F36-4F09-4D98-8C97-B71869B0E0F7}
		{F26B38F0-5F58-4919-B33F-764A4696CC84} = {C49F2F36-4F09-4D98-8C97-B71869B0E0F7}
		{ECA29214-7DF3-4287-B9CE-55D3457E3ADF} = {8A59A1E2-D99A-45E8-8512-C5A8DCD78B17}
		{609F6819-CDB9-4B2D-92C3-14419E5F06B3} = {8A59A1E2-D99A-45E8-8512-C5A8DCD78B17}
		{18D27655-B6A1-4846-BD81-86ECAEABB72B} = {8A59A1E2-D99A-45E8-8512-C5A8DCD78B17}
		{D1B003F4-F7E8-4B01-825B-06139D5D3AF7} = {8A59A1E2-D99A-45E8-8512-C5A8DCD78B17}
		{D497BC0C-BF4C-4919-AFF5-9D7649B89F1F} = {8A59A1E2-D99A-45E8-8512-C5A8DCD78B17}
		{AE89BBD5-2975-48CE-96C9-E32CFB432063} = {8A59A1E2-D99A-45E8-8512-C5A8DCD78B17}
		{7AFCEFA7-0943-40B8-93D0-F3CD0FCA3244} = {8A59A1E2-D99A-45E8-8512-C5A8DCD78B17}
		{E77CBE5B-1D99-4605-AD88-D5BD267773A1} = {8A59A1E2-D99A-45E8-8512-C5A8DCD78B17}
		{83B2945A-EFD0-423A-B8A5-DB25F7359DCC} = {8A59A1E2-D99A-45E8-8512-C5A8DCD78B17}
		{84FBAE29-8FA0-4243-B299-778968B13E5B} = {8A59A1E2-D99A-45E8-8512-C5A8DCD78B17}
		{773AB2BF-BFD8-485E-BE61-65040A29D78C} = {8A59A1E2-D99A-45E8-8512-C5A8DCD78B17}
	EndGlobalSection
EndGlobal
