
Microsoft Visual Studio Solution File, Format Version 12.00
# Visual Studio Version 17
VisualStudioVersion = 17.0.31903.59
MinimumVisualStudioVersion = 10.0.40219.1
Project("{2150E333-8FDC-42A3-9474-1A3956D46DE8}") = "creational", "creational", "{28C8DDA1-B1EE-40CC-9BDC-60C39DFCEC34}"
EndProject
Project("{FAE04EC0-301F-11D3-BF4B-00C04F79EFBC}") = "02-builder", "creational\02-builder\02-builder.csproj", "{E17C0FCF-7D4E-4735-8D29-646E7E073A70}"
EndProject
Project("{FAE04EC0-301F-11D3-BF4B-00C04F79EFBC}") = "03-factory-method", "creational\03-factory-method\03-factory-method.csproj", "{BA0B8DF9-A99D-4957-A11E-5E660B503C25}"
EndProject
Project("{FAE04EC0-301F-11D3-BF4B-00C04F79EFBC}") = "04-prototype", "creational\04-prototype\04-prototype.csproj", "{28300039-8DD4-4698-A664-65916671DD87}"
EndProject
Project("{FAE04EC0-301F-11D3-BF4B-00C04F79EFBC}") = "05-singleton", "creational\05-singleton\05-singleton.csproj", "{D5DDE91D-6634-4ADD-87AF-D4A913E27BDB}"
EndProject
Project("{FAE04EC0-301F-11D3-BF4B-00C04F79EFBC}") = "01-abstract-factory", "creational\01-abstract-factory\01-abstract-factory.csproj", "{EEE538CF-8D9A-42C0-BEA6-820997F957EA}"
EndProject
Global
	GlobalSection(SolutionConfigurationPlatforms) = preSolution
		Debug|Any CPU = Debug|Any CPU
		Release|Any CPU = Release|Any CPU
	EndGlobalSection
	GlobalSection(SolutionProperties) = preSolution
		HideSolutionNode = FALSE
	EndGlobalSection
	GlobalSection(ProjectConfigurationPlatforms) = postSolution
		{E17C0FCF-7D4E-4735-8D29-646E7E073A70}.Debug|Any CPU.ActiveCfg = Debug|Any CPU
		{E17C0FCF-7D4E-4735-8D29-646E7E073A70}.Debug|Any CPU.Build.0 = Debug|Any CPU
		{E17C0FCF-7D4E-4735-8D29-646E7E073A70}.Release|Any CPU.ActiveCfg = Release|Any CPU
		{E17C0FCF-7D4E-4735-8D29-646E7E073A70}.Release|Any CPU.Build.0 = Release|Any CPU
		{BA0B8DF9-A99D-4957-A11E-5E660B503C25}.Debug|Any CPU.ActiveCfg = Debug|Any CPU
		{BA0B8DF9-A99D-4957-A11E-5E660B503C25}.Debug|Any CPU.Build.0 = Debug|Any CPU
		{BA0B8DF9-A99D-4957-A11E-5E660B503C25}.Release|Any CPU.ActiveCfg = Release|Any CPU
		{BA0B8DF9-A99D-4957-A11E-5E660B503C25}.Release|Any CPU.Build.0 = Release|Any CPU
		{28300039-8DD4-4698-A664-65916671DD87}.Debug|Any CPU.ActiveCfg = Debug|Any CPU
		{28300039-8DD4-4698-A664-65916671DD87}.Debug|Any CPU.Build.0 = Debug|Any CPU
		{28300039-8DD4-4698-A664-65916671DD87}.Release|Any CPU.ActiveCfg = Release|Any CPU
		{28300039-8DD4-4698-A664-65916671DD87}.Release|Any CPU.Build.0 = Release|Any CPU
		{D5DDE91D-6634-4ADD-87AF-D4A913E27BDB}.Debug|Any CPU.ActiveCfg = Debug|Any CPU
		{D5DDE91D-6634-4ADD-87AF-D4A913E27BDB}.Debug|Any CPU.Build.0 = Debug|Any CPU
		{D5DDE91D-6634-4ADD-87AF-D4A913E27BDB}.Release|Any CPU.ActiveCfg = Release|Any CPU
		{D5DDE91D-6634-4ADD-87AF-D4A913E27BDB}.Release|Any CPU.Build.0 = Release|Any CPU
		{EEE538CF-8D9A-42C0-BEA6-820997F957EA}.Debug|Any CPU.ActiveCfg = Debug|Any CPU
		{EEE538CF-8D9A-42C0-BEA6-820997F957EA}.Debug|Any CPU.Build.0 = Debug|Any CPU
		{EEE538CF-8D9A-42C0-BEA6-820997F957EA}.Release|Any CPU.ActiveCfg = Release|Any CPU
		{EEE538CF-8D9A-42C0-BEA6-820997F957EA}.Release|Any CPU.Build.0 = Release|Any CPU
	EndGlobalSection
	GlobalSection(NestedProjects) = preSolution
		{E17C0FCF-7D4E-4735-8D29-646E7E073A70} = {28C8DDA1-B1EE-40CC-9BDC-60C39DFCEC34}
		{BA0B8DF9-A99D-4957-A11E-5E660B503C25} = {28C8DDA1-B1EE-40CC-9BDC-60C39DFCEC34}
		{28300039-8DD4-4698-A664-65916671DD87} = {28C8DDA1-B1EE-40CC-9BDC-60C39DFCEC34}
		{D5DDE91D-6634-4ADD-87AF-D4A913E27BDB} = {28C8DDA1-B1EE-40CC-9BDC-60C39DFCEC34}
		{EEE538CF-8D9A-42C0-BEA6-820997F957EA} = {28C8DDA1-B1EE-40CC-9BDC-60C39DFCEC34}
	EndGlobalSection
EndGlobal
